
Microsoft Visual Studio Solution File, Format Version 12.00
# Visual Studio Version 17
VisualStudioVersion = 17.12.35506.116
MinimumVisualStudioVersion = 10.0.40219.1
Project("{FAE04EC0-301F-11D3-BF4B-00C04F79EFBC}") = "Shell sort", "Shell sort\Shell sort.csproj", "{AB089D13-24C8-473D-8343-A717BD18529C}"
EndProject
Project("{2150E333-8FDC-42A3-9474-1A3956D46DE8}") = "Элементы решения", "Элементы решения", "{4E9631FF-E479-4931-B5A3-A8DCD000EFCA}"
EndProject
Global
	GlobalSection(SolutionConfigurationPlatforms) = preSolution
		Debug|Any CPU = Debug|Any CPU
		Release|Any CPU = Release|Any CPU
	EndGlobalSection
	GlobalSection(ProjectConfigurationPlatforms) = postSolution
		{AB089D13-24C8-473D-8343-A717BD18529C}.Debug|Any CPU.ActiveCfg = Debug|Any CPU
		{AB089D13-24C8-473D-8343-A717BD18529C}.Debug|Any CPU.Build.0 = Debug|Any CPU
		{AB089D13-24C8-473D-8343-A717BD18529C}.Release|Any CPU.ActiveCfg = Release|Any CPU
		{AB089D13-24C8-473D-8343-A717BD18529C}.Release|Any CPU.Build.0 = Release|Any CPU
	EndGlobalSection
	GlobalSection(SolutionProperties) = preSolution
		HideSolutionNode = FALSE
	EndGlobalSection
EndGlobal
